
Microsoft Visual Studio Solution File, Format Version 12.00
# Visual Studio Version 16
VisualStudioVersion = 16.0.29509.3
MinimumVisualStudioVersion = 10.0.40219.1
Project("{FAE04EC0-301F-11D3-BF4B-00C04F79EFBC}") = "No u discord bot", "No u discord bot\No u discord bot.csproj", "{3ABB8EE8-B526-4EF7-B344-1883EF4AC257}"
EndProject
Global
	GlobalSection(SolutionConfigurationPlatforms) = preSolution
		Debug|Any CPU = Debug|Any CPU
		Release|Any CPU = Release|Any CPU
	EndGlobalSection
	GlobalSection(ProjectConfigurationPlatforms) = postSolution
		{3ABB8EE8-B526-4EF7-B344-1883EF4AC257}.Debug|Any CPU.ActiveCfg = Debug|Any CPU
		{3ABB8EE8-B526-4EF7-B344-1883EF4AC257}.Debug|Any CPU.Build.0 = Debug|Any CPU
		{3ABB8EE8-B526-4EF7-B344-1883EF4AC257}.Release|Any CPU.ActiveCfg = Release|Any CPU
		{3ABB8EE8-B526-4EF7-B344-1883EF4AC257}.Release|Any CPU.Build.0 = Release|Any CPU
	EndGlobalSection
	GlobalSection(SolutionProperties) = preSolution
		HideSolutionNode = FALSE
	EndGlobalSection
	GlobalSection(ExtensibilityGlobals) = postSolution
		SolutionGuid = {2E232732-8BB1-44AA-8D03-05B1813036AA}
	EndGlobalSection
EndGlobal
